
Microsoft Visual Studio Solution File, Format Version 12.00
# Visual Studio Version 17
VisualStudioVersion = 17.14.37531.7 d17.14
MinimumVisualStudioVersion = 10.0.40219.1
Project("{FAE04EC0-301F-11D3-BF4B-00C04F79EFBC}") = "WorldTime", "WorldTime\WorldTime.csproj", "{2B933F8F-B442-43E9-9510-1FA20368A86A}"
EndProject
Global
	GlobalSection(SolutionConfigurationPlatforms) = preSolution
		Debug|Any CPU = Debug|Any CPU
		Release|Any CPU = Release|Any CPU
	EndGlobalSection
	GlobalSection(ProjectConfigurationPlatforms) = postSolution
		{2B933F8F-B442-43E9-9510-1FA20368A86A}.Debug|Any CPU.ActiveCfg = Debug|Any CPU
		{2B933F8F-B442-43E9-9510-1FA20368A86A}.Debug|Any CPU.Build.0 = Debug|Any CPU
		{2B933F8F-B442-43E9-9510-1FA20368A86A}.Release|Any CPU.ActiveCfg = Release|Any CPU
		{2B933F8F-B442-43E9-9510-1FA20368A86A}.Release|Any CPU.Build.0 = Release|Any CPU
	EndGlobalSection
	GlobalSection(SolutionProperties) = preSolution
		HideSolutionNode = FALSE
	EndGlobalSection
	GlobalSection(ExtensibilityGlobals) = postSolution
		SolutionGuid = {2558E538-364A-42F2-9ACB-AB4296E1B264}
	EndGlobalSection
EndGlobal
